
Microsoft Visual Studio Solution File, Format Version 12.00
# Visual Studio Version 17
VisualStudioVersion = 17.2.32616.157
MinimumVisualStudioVersion = 10.0.40219.1
Project("{FAE04EC0-301F-11D3-BF4B-00C04F79EFBC}") = "ArrayEx", "ArrayEx\ArrayEx.csproj", "{7F18A082-8204-4D89-942B-27C46E2A0EA1}"
EndProject
Global
	GlobalSection(SolutionConfigurationPlatforms) = preSolution
		Debug|Any CPU = Debug|Any CPU
		Release|Any CPU = Release|Any CPU
	EndGlobalSection
	GlobalSection(ProjectConfigurationPlatforms) = postSolution
		{7F18A082-8204-4D89-942B-27C46E2A0EA1}.Debug|Any CPU.ActiveCfg = Debug|Any CPU
		{7F18A082-8204-4D89-942B-27C46E2A0EA1}.Debug|Any CPU.Build.0 = Debug|Any CPU
		{7F18A082-8204-4D89-942B-27C46E2A0EA1}.Release|Any CPU.ActiveCfg = Release|Any CPU
		{7F18A082-8204-4D89-942B-27C46E2A0EA1}.Release|Any CPU.Build.0 = Release|Any CPU
	EndGlobalSection
	GlobalSection(SolutionProperties) = preSolution
		HideSolutionNode = FALSE
	EndGlobalSection
	GlobalSection(ExtensibilityGlobals) = postSolution
		SolutionGuid = {B2C4EAB4-292C-4A26-A6EB-3D8B5485045D}
	EndGlobalSection
EndGlobal
